
Microsoft Visual Studio Solution File, Format Version 12.00
# Visual Studio 15
VisualStudioVersion = 15.0.27004.2010
MinimumVisualStudioVersion = 10.0.40219.1
Project("{888888A0-9F3D-457C-B088-3A5042F75D52}") = "selenium2", "selenium2\selenium2.pyproj", "{D27474F8-9DB2-4C69-940C-5AE181207AB0}"
EndProject
Global
	GlobalSection(SolutionConfigurationPlatforms) = preSolution
		Debug|Any CPU = Debug|Any CPU
		Release|Any CPU = Release|Any CPU
	EndGlobalSection
	GlobalSection(ProjectConfigurationPlatforms) = postSolution
		{D27474F8-9DB2-4C69-940C-5AE181207AB0}.Debug|Any CPU.ActiveCfg = Debug|Any CPU
		{D27474F8-9DB2-4C69-940C-5AE181207AB0}.Release|Any CPU.ActiveCfg = Release|Any CPU
	EndGlobalSection
	GlobalSection(SolutionProperties) = preSolution
		HideSolutionNode = FALSE
	EndGlobalSection
	GlobalSection(ExtensibilityGlobals) = postSolution
		SolutionGuid = {80B394EB-3912-4FDD-91B7-95C86090646C}
	EndGlobalSection
EndGlobal
